
Microsoft Visual Studio Solution File, Format Version 12.00
# Visual Studio Version 17
VisualStudioVersion = 17.12.35527.113 d17.12
MinimumVisualStudioVersion = 10.0.40219.1
Project("{FAE04EC0-301F-11D3-BF4B-00C04F79EFBC}") = "OrangeHRMAutomation", "OrangeHRMAutomation\OrangeHRMAutomation.csproj", "{5667A02B-E675-4AB0-A867-8166C4C2309F}"
EndProject
Global
	GlobalSection(SolutionConfigurationPlatforms) = preSolution
		Debug|Any CPU = Debug|Any CPU
		Release|Any CPU = Release|Any CPU
	EndGlobalSection
	GlobalSection(ProjectConfigurationPlatforms) = postSolution
		{5667A02B-E675-4AB0-A867-8166C4C2309F}.Debug|Any CPU.ActiveCfg = Debug|Any CPU
		{5667A02B-E675-4AB0-A867-8166C4C2309F}.Debug|Any CPU.Build.0 = Debug|Any CPU
		{5667A02B-E675-4AB0-A867-8166C4C2309F}.Release|Any CPU.ActiveCfg = Release|Any CPU
		{5667A02B-E675-4AB0-A867-8166C4C2309F}.Release|Any CPU.Build.0 = Release|Any CPU
	EndGlobalSection
	GlobalSection(SolutionProperties) = preSolution
		HideSolutionNode = FALSE
	EndGlobalSection
EndGlobal
